
Microsoft Visual Studio Solution File, Format Version 12.00
# Visual Studio 2013
VisualStudioVersion = 12.0.40629.0
MinimumVisualStudioVersion = 10.0.40219.1
Project("{FAE04EC0-301F-11D3-BF4B-00C04F79EFBC}") = "ToDoSolution", "ToDoSolution\ToDoSolution.csproj", "{E3E3A4BE-B29B-407B-B8C8-2144DCAD2DAB}"
EndProject
Project("{FAE04EC0-301F-11D3-BF4B-00C04F79EFBC}") = "ToDoSolution.Tests", "ToDoSolution.Tests\ToDoSolution.Tests.csproj", "{683DDE03-55DF-451C-8CDD-2A85560C14A4}"
EndProject
Project("{FAE04EC0-301F-11D3-BF4B-00C04F79EFBC}") = "ClassLibrary1", "ClassLibrary1\ClassLibrary1.csproj", "{C4E4E551-6605-4412-9163-86CA417B97DC}"
EndProject
Global
	GlobalSection(SolutionConfigurationPlatforms) = preSolution
		Debug|Any CPU = Debug|Any CPU
		Release|Any CPU = Release|Any CPU
	EndGlobalSection
	GlobalSection(ProjectConfigurationPlatforms) = postSolution
		{E3E3A4BE-B29B-407B-B8C8-2144DCAD2DAB}.Debug|Any CPU.ActiveCfg = Debug|Any CPU
		{E3E3A4BE-B29B-407B-B8C8-2144DCAD2DAB}.Debug|Any CPU.Build.0 = Debug|Any CPU
		{E3E3A4BE-B29B-407B-B8C8-2144DCAD2DAB}.Release|Any CPU.ActiveCfg = Release|Any CPU
		{E3E3A4BE-B29B-407B-B8C8-2144DCAD2DAB}.Release|Any CPU.Build.0 = Release|Any CPU
		{683DDE03-55DF-451C-8CDD-2A85560C14A4}.Debug|Any CPU.ActiveCfg = Debug|Any CPU
		{683DDE03-55DF-451C-8CDD-2A85560C14A4}.Debug|Any CPU.Build.0 = Debug|Any CPU
		{683DDE03-55DF-451C-8CDD-2A85560C14A4}.Release|Any CPU.ActiveCfg = Release|Any CPU
		{683DDE03-55DF-451C-8CDD-2A85560C14A4}.Release|Any CPU.Build.0 = Release|Any CPU
		{C4E4E551-6605-4412-9163-86CA417B97DC}.Debug|Any CPU.ActiveCfg = Debug|Any CPU
		{C4E4E551-6605-4412-9163-86CA417B97DC}.Debug|Any CPU.Build.0 = Debug|Any CPU
		{C4E4E551-6605-4412-9163-86CA417B97DC}.Release|Any CPU.ActiveCfg = Release|Any CPU
		{C4E4E551-6605-4412-9163-86CA417B97DC}.Release|Any CPU.Build.0 = Release|Any CPU
	EndGlobalSection
	GlobalSection(SolutionProperties) = preSolution
		HideSolutionNode = FALSE
	EndGlobalSection
EndGlobal
